// !$*UTF8*$!
{
	archiveVersion = 1;
	classes = {
	};
	objectVersion = 50;
	objects = {

/* Begin PBXBuildFile section */
		9EBB060124EBCFDA00192A96 /* AppDelegate.m in Sources */ = {isa = PBXBuildFile; fileRef = 9EBB060024EBCFDA00192A96 /* AppDelegate.m */; };
		9EBB060424EBCFDA00192A96 /* SceneDelegate.m in Sources */ = {isa = PBXBuildFile; fileRef = 9EBB060324EBCFDA00192A96 /* SceneDelegate.m */; };
		9EBB060724EBCFDA00192A96 /* ViewController.m in Sources */ = {isa = PBXBuildFile; fileRef = 9EBB060624EBCFDA00192A96 /* ViewController.m */; };
		9EBB060A24EBCFDA00192A96 /* Main.storyboard in Resources */ = {isa = PBXBuildFile; fileRef = 9EBB060824EBCFDA00192A96 /* Main.storyboard */; };
		9EBB060C24EBCFDC00192A96 /* Assets.xcassets in Resources */ = {isa = PBXBuildFile; fileRef = 9EBB060B24EBCFDC00192A96 /* Assets.xcassets */; };
		9EBB060F24EBCFDC00192A96 /* LaunchScreen.storyboard in Resources */ = {isa = PBXBuildFile; fileRef = 9EBB060D24EBCFDC00192A96 /* LaunchScreen.storyboard */; };
		9EBB061224EBCFDC00192A96 /* main.m in Sources */ = {isa = PBXBuildFile; fileRef = 9EBB061124EBCFDC00192A96 /* main.m */; };
		9EBB061A24EBD02900192A96 /* TLShadow.m in Sources */ = {isa = PBXBuildFile; fileRef = 9EBB061924EBD02900192A96 /* TLShadow.m */; };
/* End PBXBuildFile section */

/* Begin PBXFileReference section */
		9EBB05FC24EBCFDA00192A96 /* oc_TLShadow.app */ = {isa = PBXFileReference; explicitFileType = wrapper.application; includeInIndex = 0; path = oc_TLShadow.app; sourceTree = BUILT_PRODUCTS_DIR; };
		9EBB05FF24EBCFDA00192A96 /* AppDelegate.h */ = {isa = PBXFileReference; lastKnownFileType = sourcecode.c.h; path = AppDelegate.h; sourceTree = "<group>"; };
		9EBB060024EBCFDA00192A96 /* AppDelegate.m */ = {isa = PBXFileReference; lastKnownFileType = sourcecode.c.objc; path = AppDelegate.m; sourceTree = "<group>"; };
		9EBB060224EBCFDA00192A96 /* SceneDelegate.h */ = {isa = PBXFileReference; lastKnownFileType = sourcecode.c.h; path = SceneDelegate.h; sourceTree = "<group>"; };
		9EBB060324EBCFDA00192A96 /* SceneDelegate.m */ = {isa = PBXFileReference; lastKnownFileType = sourcecode.c.objc; path = SceneDelegate.m; sourceTree = "<group>"; };
		9EBB060524EBCFDA00192A96 /* ViewController.h */ = {isa = PBXFileReference; lastKnownFileType = sourcecode.c.h; path = ViewController.h; sourceTree = "<group>"; };
		9EBB060624EBCFDA00192A96 /* ViewController.m */ = {isa = PBXFileReference; lastKnownFileType = sourcecode.c.objc; path = ViewController.m; sourceTree = "<group>"; };
		9EBB060924EBCFDA00192A96 /* Base */ = {isa = PBXFileReference; lastKnownFileType = file.storyboard; name = Base; path = Base.lproj/Main.storyboard; sourceTree = "<group>"; };
		9EBB060B24EBCFDC00192A96 /* Assets.xcassets */ = {isa = PBXFileReference; lastKnownFileType = folder.assetcatalog; path = Assets.xcassets; sourceTree = "<group>"; };
		9EBB060E24EBCFDC00192A96 /* Base */ = {isa = PBXFileReference; lastKnownFileType = file.storyboard; name = Base; path = Base.lproj/LaunchScreen.storyboard; sourceTree = "<group>"; };
		9EBB061024EBCFDC00192A96 /* Info.plist */ = {isa = PBXFileReference; lastKnownFileType = text.plist.xml; path = Info.plist; sourceTree = "<group>"; };
		9EBB061124EBCFDC00192A96 /* main.m */ = {isa = PBXFileReference; lastKnownFileType = sourcecode.c.objc; path = main.m; sourceTree = "<group>"; };
		9EBB061824EBD02900192A96 /* TLShadow.h */ = {isa = PBXFileReference; fileEncoding = 4; lastKnownFileType = sourcecode.c.h; path = TLShadow.h; sourceTree = "<group>"; };
		9EBB061924EBD02900192A96 /* TLShadow.m */ = {isa = PBXFileReference; fileEncoding = 4; lastKnownFileType = sourcecode.c.objc; path = TLShadow.m; sourceTree = "<group>"; };
/* End PBXFileReference section */

/* Begin PBXFrameworksBuildPhase section */
		9EBB05F924EBCFDA00192A96 /* Frameworks */ = {
			isa = PBXFrameworksBuildPhase;
			buildActionMask = 2147483647;
			files = (
			);
			runOnlyForDeploymentPostprocessing = 0;
		};
/* End PBXFrameworksBuildPhase section */

/* Begin PBXGroup section */
		9EBB05F324EBCFDA00192A96 = {
			isa = PBXGroup;
			children = (
				9EBB05FE24EBCFDA00192A96 /* oc_TLShadow */,
				9EBB05FD24EBCFDA00192A96 /* Products */,
			);
			sourceTree = "<group>";
		};
		9EBB05FD24EBCFDA00192A96 /* Products */ = {
			isa = PBXGroup;
			children = (
				9EBB05FC24EBCFDA00192A96 /* oc_TLShadow.app */,
			);
			name = Products;
			sourceTree = "<group>";
		};
		9EBB05FE24EBCFDA00192A96 /* oc_TLShadow */ = {
			isa = PBXGroup;
			children = (
				9EBB061824EBD02900192A96 /* TLShadow.h */,
				9EBB061924EBD02900192A96 /* TLShadow.m */,
				9EBB05FF24EBCFDA00192A96 /* AppDelegate.h */,
				9EBB060024EBCFDA00192A96 /* AppDelegate.m */,
				9EBB060224EBCFDA00192A96 /* SceneDelegate.h */,
				9EBB060324EBCFDA00192A96 /* SceneDelegate.m */,
				9EBB060524EBCFDA00192A96 /* ViewController.h */,
				9EBB060624EBCFDA00192A96 /* ViewController.m */,
				9EBB060824EBCFDA00192A96 /* Main.storyboard */,
				9EBB060B24EBCFDC00192A96 /* Assets.xcassets */,
				9EBB060D24EBCFDC00192A96 /* LaunchScreen.storyboard */,
				9EBB061024EBCFDC00192A96 /* Info.plist */,
				9EBB061124EBCFDC00192A96 /* main.m */,
			);
			path = oc_TLShadow;
			sourceTree = "<group>";
		};
/* End PBXGroup section */

/* Begin PBXNativeTarget section */
		9EBB05FB24EBCFDA00192A96 /* oc_TLShadow */ = {
			isa = PBXNativeTarget;
			buildConfigurationList = 9EBB061524EBCFDC00192A96 /* Build configuration list for PBXNativeTarget "oc_TLShadow" */;
			buildPhases = (
				9EBB05F824EBCFDA00192A96 /* Sources */,
				9EBB05F924EBCFDA00192A96 /* Frameworks */,
				9EBB05FA24EBCFDA00192A96 /* Resources */,
			);
			buildRules = (
			);
			dependencies = (
			);
			name = oc_TLShadow;
			productName = oc_TLShadow;
			productReference = 9EBB05FC24EBCFDA00192A96 /* oc_TLShadow.app */;
			productType = "com.apple.product-type.application";
		};
/* End PBXNativeTarget section */

/* Begin PBXProject section */
		9EBB05F424EBCFDA00192A96 /* Project object */ = {
			isa = PBXProject;
			attributes = {
				LastUpgradeCheck = 1160;
				ORGANIZATIONNAME = TL;
				TargetAttributes = {
					9EBB05FB24EBCFDA00192A96 = {
						CreatedOnToolsVersion = 11.6;
					};
				};
			};
			buildConfigurationList = 9EBB05F724EBCFDA00192A96 /* Build configuration list for PBXProject "oc_TLShadow" */;
			compatibilityVersion = "Xcode 9.3";
			developmentRegion = en;
			hasScannedForEncodings = 0;
			knownRegions = (
				en,
				Base,
			);
			mainGroup = 9EBB05F324EBCFDA00192A96;
			productRefGroup = 9EBB05FD24EBCFDA00192A96 /* Products */;
			projectDirPath = "";
			projectRoot = "";
			targets = (
				9EBB05FB24EBCFDA00192A96 /* oc_TLShadow */,
			);
		};
/* End PBXProject section */

/* Begin PBXResourcesBuildPhase section */
		9EBB05FA24EBCFDA00192A96 /* Resources */ = {
			isa = PBXResourcesBuildPhase;
			buildActionMask = 2147483647;
			files = (
				9EBB060F24EBCFDC00192A96 /* LaunchScreen.storyboard in Resources */,
				9EBB060C24EBCFDC00192A96 /* Assets.xcassets in Resources */,
				9EBB060A24EBCFDA00192A96 /* Main.storyboard in Resources */,
			);
			runOnlyForDeploymentPostprocessing = 0;
		};
/* End PBXResourcesBuildPhase section */

/* Begin PBXSourcesBuildPhase section */
		9EBB05F824EBCFDA00192A96 /* Sources */ = {
			isa = PBXSourcesBuildPhase;
			buildActionMask = 2147483647;
			files = (
				9EBB060724EBCFDA00192A96 /* ViewController.m in Sources */,
				9EBB060124EBCFDA00192A96 /* AppDelegate.m in Sources */,
				9EBB061224EBCFDC00192A96 /* main.m in Sources */,
				9EBB061A24EBD02900192A96 /* TLShadow.m in Sources */,
				9EBB060424EBCFDA00192A96 /* SceneDelegate.m in Sources */,
			);
			runOnlyForDeploymentPostprocessing = 0;
		};
/* End PBXSourcesBuildPhase section */

/* Begin PBXVariantGroup section */
		9EBB060824EBCFDA00192A96 /* Main.storyboard */ = {
			isa = PBXVariantGroup;
			children = (
				9EBB060924EBCFDA00192A96 /* Base */,
			);
			name = Main.storyboard;
			sourceTree = "<group>";
		};
		9EBB060D24EBCFDC00192A96 /* LaunchScreen.storyboard */ = {
			isa = PBXVariantGroup;
			children = (
				9EBB060E24EBCFDC00192A96 /* Base */,
			);
			name = LaunchScreen.storyboard;
			sourceTree = "<group>";
		};
/* End PBXVariantGroup section */

/* Begin XCBuildConfiguration section */
		9EBB061324EBCFDC00192A96 /* Debug */ = {
			isa = XCBuildConfiguration;
			buildSettings = {
				ALWAYS_SEARCH_USER_PATHS = NO;
				CLANG_ANALYZER_NONNULL = YES;
				CLANG_ANALYZER_NUMBER_OBJECT_CONVERSION = YES_AGGRESSIVE;
				CLANG_CXX_LANGUAGE_STANDARD = "gnu++14";
				CLANG_CXX_LIBRARY = "libc++";
				CLANG_ENABLE_MODULES = YES;
				CLANG_ENABLE_OBJC_ARC = YES;
				CLANG_ENABLE_OBJC_WEAK = YES;
				CLANG_WARN_BLOCK_CAPTURE_AUTORELEASING = YES;
				CLANG_WARN_BOOL_CONVERSION = YES;
				CLANG_WARN_COMMA = YES;
				CLANG_WARN_CONSTANT_CONVERSION = YES;
				CLANG_WARN_DEPRECATED_OBJC_IMPLEMENTATIONS = YES;
				CLANG_WARN_DIRECT_OBJC_ISA_USAGE = YES_ERROR;
				CLANG_WARN_DOCUMENTATION_COMMENTS = YES;
				CLANG_WARN_EMPTY_BODY = YES;
				CLANG_WARN_ENUM_CONVERSION = YES;
				CLANG_WARN_INFINITE_RECURSION = YES;
				CLANG_WARN_INT_CONVERSION = YES;
				CLANG_WARN_NON_LITERAL_NULL_CONVERSION = YES;
				CLANG_WARN_OBJC_IMPLICIT_RETAIN_SELF = YES;
				CLANG_WARN_OBJC_LITERAL_CONVERSION = YES;
				CLANG_WARN_OBJC_ROOT_CLASS = YES_ERROR;
				CLANG_WARN_RANGE_LOOP_ANALYSIS = YES;
				CLANG_WARN_STRICT_PROTOTYPES = YES;
				CLANG_WARN_SUSPICIOUS_MOVE = YES;
				CLANG_WARN_UNGUARDED_AVAILABILITY = YES_AGGRESSIVE;
				CLANG_WARN_UNREACHABLE_CODE = YES;
				CLANG_WARN__DUPLICATE_METHOD_MATCH = YES;
				COPY_PHASE_STRIP = NO;
				DEBUG_INFORMATION_FORMAT = dwarf;
				ENABLE_STRICT_OBJC_MSGSEND = YES;
				ENABLE_TESTABILITY = YES;
				GCC_C_LANGUAGE_STANDARD = gnu11;
				GCC_DYNAMIC_NO_PIC = NO;
				GCC_NO_COMMON_BLOCKS = YES;
				GCC_OPTIMIZATION_LEVEL = 0;
				GCC_PREPROCESSOR_DEFINITIONS = (
					"DEBUG=1",
					"$(inherited)",
				);
				GCC_WARN_64_TO_32_BIT_CONVERSION = YES;
				GCC_WARN_ABOUT_RETURN_TYPE = YES_ERROR;
				GCC_WARN_UNDECLARED_SELECTOR = YES;
				GCC_WARN_UNINITIALIZED_AUTOS = YES_AGGRESSIVE;
				GCC_WARN_UNUSED_FUNCTION = YES;
				GCC_WARN_UNUSED_VARIABLE = YES;
				IPHONEOS_DEPLOYMENT_TARGET = 13.6;
				MTL_ENABLE_DEBUG_INFO = INCLUDE_SOURCE;
				MTL_FAST_MATH = YES;
				ONLY_ACTIVE_ARCH = YES;
				SDKROOT = iphoneos;
			};
			name = Debug;
		};
		9EBB061424EBCFDC00192A96 /* Release */ = {
			isa = XCBuildConfiguration;
			buildSettings = {
				ALWAYS_SEARCH_USER_PATHS = NO;
				CLANG_ANALYZER_NONNULL = YES;
				CLANG_ANALYZER_NUMBER_OBJECT_CONVERSION = YES_AGGRESSIVE;
				CLANG_CXX_LANGUAGE_STANDARD = "gnu++14";
				CLANG_CXX_LIBRARY = "libc++";
				CLANG_ENABLE_MODULES = YES;
				CLANG_ENABLE_OBJC_ARC = YES;
				CLANG_ENABLE_OBJC_WEAK = YES;
				CLANG_WARN_BLOCK_CAPTURE_AUTORELEASING = YES;
				CLANG_WARN_BOOL_CONVERSION = YES;
				CLANG_WARN_COMMA = YES;
				CLANG_WARN_CONSTANT_CONVERSION = YES;
				CLANG_WARN_DEPRECATED_OBJC_IMPLEMENTATIONS = YES;
				CLANG_WARN_DIRECT_OBJC_ISA_USAGE = YES_ERROR;
				CLANG_WARN_DOCUMENTATION_COMMENTS = YES;
				CLANG_WARN_EMPTY_BODY = YES;
				CLANG_WARN_ENUM_CONVERSION = YES;
				CLANG_WARN_INFINITE_RECURSION = YES;
				CLANG_WARN_INT_CONVERSION = YES;
				CLANG_WARN_NON_LITERAL_NULL_CONVERSION = YES;
				CLANG_WARN_OBJC_IMPLICIT_RETAIN_SELF = YES;
				CLANG_WARN_OBJC_LITERAL_CONVERSION = YES;
				CLANG_WARN_OBJC_ROOT_CLASS = YES_ERROR;
				CLANG_WARN_RANGE_LOOP_ANALYSIS = YES;
				CLANG_WARN_STRICT_PROTOTYPES = YES;
				CLANG_WARN_SUSPICIOUS_MOVE = YES;
				CLANG_WARN_UNGUARDED_AVAILABILITY = YES_AGGRESSIVE;
				CLANG_WARN_UNREACHABLE_CODE = YES;
				CLANG_WARN__DUPLICATE_METHOD_MATCH = YES;
				COPY_PHASE_STRIP = NO;
				DEBUG_INFORMATION_FORMAT = "dwarf-with-dsym";
				ENABLE_NS_ASSERTIONS = NO;
				ENABLE_STRICT_OBJC_MSGSEND = YES;
				GCC_C_LANGUAGE_STANDARD = gnu11;
				GCC_NO_COMMON_BLOCKS = YES;
				GCC_WARN_64_TO_32_BIT_CONVERSION = YES;
				GCC_WARN_ABOUT_RETURN_TYPE = YES_ERROR;
				GCC_WARN_UNDECLARED_SELECTOR = YES;
				GCC_WARN_UNINITIALIZED_AUTOS = YES_AGGRESSIVE;
				GCC_WARN_UNUSED_FUNCTION = YES;
				GCC_WARN_UNUSED_VARIABLE = YES;
				IPHONEOS_DEPLOYMENT_TARGET = 13.6;
				MTL_ENABLE_DEBUG_INFO = NO;
				MTL_FAST_MATH = YES;
				SDKROOT = iphoneos;
				VALIDATE_PRODUCT = YES;
			};
			name = Release;
		};
		9EBB061624EBCFDC00192A96 /* Debug */ = {
			isa = XCBuildConfiguration;
			buildSettings = {
				ASSETCATALOG_COMPILER_APPICON_NAME = AppIcon;
				CODE_SIGN_STYLE = Automatic;
				INFOPLIST_FILE = oc_TLShadow/Info.plist;
				LD_RUNPATH_SEARCH_PATHS = (
					"$(inherited)",
					"@executable_path/Frameworks",
				);
				PRODUCT_BUNDLE_IDENTIFIER = "TL.oc-TLShadow";
				PRODUCT_NAME = "$(TARGET_NAME)";
				TARGETED_DEVICE_FAMILY = "1,2";
			};
			name = Debug;
		};
		9EBB061724EBCFDC00192A96 /* Release */ = {
			isa = XCBuildConfiguration;
			buildSettings = {
				ASSETCATALOG_COMPILER_APPICON_NAME = AppIcon;
				CODE_SIGN_STYLE = Automatic;
				INFOPLIST_FILE = oc_TLShadow/Info.plist;
				LD_RUNPATH_SEARCH_PATHS = (
					"$(inherited)",
					"@executable_path/Frameworks",
				);
				PRODUCT_BUNDLE_IDENTIFIER = "TL.oc-TLShadow";
				PRODUCT_NAME = "$(TARGET_NAME)";
				TARGETED_DEVICE_FAMILY = "1,2";
			};
			name = Release;
		};
/* End XCBuildConfiguration section */

/* Begin XCConfigurationList section */
		9EBB05F724EBCFDA00192A96 /* Build configuration list for PBXProject "oc_TLShadow" */ = {
			isa = XCConfigurationList;
			buildConfigurations = (
				9EBB061324EBCFDC00192A96 /* Debug */,
				9EBB061424EBCFDC00192A96 /* Release */,
			);
			defaultConfigurationIsVisible = 0;
			defaultConfigurationName = Release;
		};
		9EBB061524EBCFDC00192A96 /* Build configuration list for PBXNativeTarget "oc_TLShadow" */ = {
			isa = XCConfigurationList;
			buildConfigurations = (
				9EBB061624EBCFDC00192A96 /* Debug */,
				9EBB061724EBCFDC00192A96 /* Release */,
			);
			defaultConfigurationIsVisible = 0;
			defaultConfigurationName = Release;
		};
/* End XCConfigurationList section */
	};
	rootObject = 9EBB05F424EBCFDA00192A96 /* Project object */;
}
